
Microsoft Visual Studio Solution File, Format Version 12.00
# Visual Studio 14
VisualStudioVersion = 14.0.23107.0
MinimumVisualStudioVersion = 10.0.40219.1
Project("{FAE04EC0-301F-11D3-BF4B-00C04F79EFBC}") = "Ventas.BL", "Ventas.BL\Ventas.BL.csproj", "{476EE172-9C04-4166-9C8D-AA3F8DD87E81}"
EndProject
Project("{FAE04EC0-301F-11D3-BF4B-00C04F79EFBC}") = "Ventas.Win", "Ventas.Win\Ventas.Win.csproj", "{5367A9F5-F5EC-47F7-B068-6679F554C275}"
EndProject
Project("{FAE04EC0-301F-11D3-BF4B-00C04F79EFBC}") = "Ventas.Consola", "Ventas.Consola\Ventas.Consola.csproj", "{D32BFA73-8883-41AB-994F-29C1D94F9BDA}"
EndProject
Global
	GlobalSection(SolutionConfigurationPlatforms) = preSolution
		Debug|Any CPU = Debug|Any CPU
		Release|Any CPU = Release|Any CPU
	EndGlobalSection
	GlobalSection(ProjectConfigurationPlatforms) = postSolution
		{476EE172-9C04-4166-9C8D-AA3F8DD87E81}.Debug|Any CPU.ActiveCfg = Debug|Any CPU
		{476EE172-9C04-4166-9C8D-AA3F8DD87E81}.Debug|Any CPU.Build.0 = Debug|Any CPU
		{476EE172-9C04-4166-9C8D-AA3F8DD87E81}.Release|Any CPU.ActiveCfg = Release|Any CPU
		{476EE172-9C04-4166-9C8D-AA3F8DD87E81}.Release|Any CPU.Build.0 = Release|Any CPU
		{5367A9F5-F5EC-47F7-B068-6679F554C275}.Debug|Any CPU.ActiveCfg = Debug|Any CPU
		{5367A9F5-F5EC-47F7-B068-6679F554C275}.Debug|Any CPU.Build.0 = Debug|Any CPU
		{5367A9F5-F5EC-47F7-B068-6679F554C275}.Release|Any CPU.ActiveCfg = Release|Any CPU
		{5367A9F5-F5EC-47F7-B068-6679F554C275}.Release|Any CPU.Build.0 = Release|Any CPU
		{D32BFA73-8883-41AB-994F-29C1D94F9BDA}.Debug|Any CPU.ActiveCfg = Debug|Any CPU
		{D32BFA73-8883-41AB-994F-29C1D94F9BDA}.Debug|Any CPU.Build.0 = Debug|Any CPU
		{D32BFA73-8883-41AB-994F-29C1D94F9BDA}.Release|Any CPU.ActiveCfg = Release|Any CPU
		{D32BFA73-8883-41AB-994F-29C1D94F9BDA}.Release|Any CPU.Build.0 = Release|Any CPU
	EndGlobalSection
	GlobalSection(SolutionProperties) = preSolution
		HideSolutionNode = FALSE
	EndGlobalSection
EndGlobal
